// !$*UTF8*$!
{
	archiveVersion = 1;
	classes = {
	};
	objectVersion = 77;
	objects = {

/* Begin PBXBuildFile section */
		141793B7F425D322848B2A82 /* LimitsEditorSheet.swift in Sources */ = {isa = PBXBuildFile; fileRef = 5ACD40C59CE7E17D26A1BD97 /* LimitsEditorSheet.swift */; };
		28A35332B69E63473C3BC0C4 /* Models.swift in Sources */ = {isa = PBXBuildFile; fileRef = 2AE3C095585C5BB88AB716E3 /* Models.swift */; };
		3838F74908D304157BF7F365 /* RootTabView.swift in Sources */ = {isa = PBXBuildFile; fileRef = A14832D0BB58E3B64005040B /* RootTabView.swift */; };
		393EE5771563E343D0D496F3 /* MealEditSheet.swift in Sources */ = {isa = PBXBuildFile; fileRef = BB76D6C7105B7AAEDEEE21C1 /* MealEditSheet.swift */; };
		3D3DD37EB8E8C37AD6A46DC3 /* KeychainStore.swift in Sources */ = {isa = PBXBuildFile; fileRef = F7F7274EDCD962219087B81B /* KeychainStore.swift */; };
		469AE8341875EFA0D1DFB607 /* ImageCompressor.swift in Sources */ = {isa = PBXBuildFile; fileRef = 5414A8F99EBD576EB23F48AF /* ImageCompressor.swift */; };
		4927DBFCB7DBB471510B2AF6 /* CalendarStrip.swift in Sources */ = {isa = PBXBuildFile; fileRef = BFE56F27FD32E2D3393659A0 /* CalendarStrip.swift */; };
		49438C5280F8DE6E64B774A7 /* ManualEntrySheet.swift in Sources */ = {isa = PBXBuildFile; fileRef = 66C330A456373682FF3FFC80 /* ManualEntrySheet.swift */; };
		4ACC70676782FBD7E64BB510 /* StatsView.swift in Sources */ = {isa = PBXBuildFile; fileRef = C68A84ED87F693DE06B24759 /* StatsView.swift */; };
		5ABBE901FADFE48F04A30BD7 /* PaywallView.swift in Sources */ = {isa = PBXBuildFile; fileRef = 5D739513D8440418C24606C1 /* PaywallView.swift */; };
		5C9ED35ACC6AFB4448BA68E6 /* MealService.swift in Sources */ = {isa = PBXBuildFile; fileRef = FFCDB482F4005D11ADFD79E4 /* MealService.swift */; };
		5FB7EDD4497DDDBD6503F60E /* NutrientDV.swift in Sources */ = {isa = PBXBuildFile; fileRef = 0090C092D2A80A43FDEB556B /* NutrientDV.swift */; };
		689C88199D7AD542FD39B124 /* SettingsView.swift in Sources */ = {isa = PBXBuildFile; fileRef = 9BADD8BA79B6C850C2680829 /* SettingsView.swift */; };
		69AE5D97D05BF8B1C4662F3E /* AppleLinkService.swift in Sources */ = {isa = PBXBuildFile; fileRef = 888B409138221D6EB68B8DDA /* AppleLinkService.swift */; };
		6F981C4C480F8B70F3118CD1 /* AppleSignInButton.swift in Sources */ = {isa = PBXBuildFile; fileRef = F17C78C9F542E1C624249410 /* AppleSignInButton.swift */; };
		757FC04EFF8819695213B4FF /* LimitsRule.swift in Sources */ = {isa = PBXBuildFile; fileRef = 9BC569FFFD73DA8A527FFCBA /* LimitsRule.swift */; };
		75911023BC9683AA5B75F348 /* PendingScanQueue.swift in Sources */ = {isa = PBXBuildFile; fileRef = A47335E5CC0ED933E42A4874 /* PendingScanQueue.swift */; };
		762F04F087E55B97DFB9A734 /* ScanService.swift in Sources */ = {isa = PBXBuildFile; fileRef = 8BC8A1C67222242B2EBF5953 /* ScanService.swift */; };
		7D778B5EEE7E6E4BAF39841C /* DayView.swift in Sources */ = {isa = PBXBuildFile; fileRef = E86B973FC51869E11CA624FB /* DayView.swift */; };
		8C3E7712699A3F07E0363C1F /* CameraPicker.swift in Sources */ = {isa = PBXBuildFile; fileRef = 08BCFCED427A656CC6A46BF7 /* CameraPicker.swift */; };
		AB4B84EF0507A02AD65A686E /* StoreService.swift in Sources */ = {isa = PBXBuildFile; fileRef = 04797B9A5A8C1A3602AE7A4D /* StoreService.swift */; };
		B034A2CD4B4FD2C5DD24AE9C /* AppConfig.swift in Sources */ = {isa = PBXBuildFile; fileRef = 485B8AC20D8CD5030BFC1BE0 /* AppConfig.swift */; };
		C147A86EE34EA87A96EC9965 /* CognitoTokenProvider.swift in Sources */ = {isa = PBXBuildFile; fileRef = 81121946E8DDB2EFD355F0B9 /* CognitoTokenProvider.swift */; };
		C14D4F0A582906B24B0689FD /* ScanResultView.swift in Sources */ = {isa = PBXBuildFile; fileRef = C13A9D28DCD2554693D2C0FB /* ScanResultView.swift */; };
		C2BFC3EC0FD6ADF37A8A83D2 /* ScanFlowView.swift in Sources */ = {isa = PBXBuildFile; fileRef = 0E1DB363C51F11ED5113A562 /* ScanFlowView.swift */; };
		D8B975F5AE428A2228DE56B3 /* Assets.xcassets in Resources */ = {isa = PBXBuildFile; fileRef = 99200E384D42839F40F45B68 /* Assets.xcassets */; };
		DBDA336D61D6F47F40DC168B /* APIClient.swift in Sources */ = {isa = PBXBuildFile; fileRef = 747AA4CB7B1F22E68EE19415 /* APIClient.swift */; };
		DE210B8320452917736CEA8E /* MonthGridSheet.swift in Sources */ = {isa = PBXBuildFile; fileRef = 60C1CED8E4229832877B840F /* MonthGridSheet.swift */; };
		F727493C36B6D453179969EB /* DateUtil.swift in Sources */ = {isa = PBXBuildFile; fileRef = 764E5BDEF6E503F035A69BE9 /* DateUtil.swift */; };
		FA9DB04D5C2CCCDB83C82285 /* SmachnogoApp.swift in Sources */ = {isa = PBXBuildFile; fileRef = 371405627404C5912F29754A /* SmachnogoApp.swift */; };
/* End PBXBuildFile section */

/* Begin PBXFileReference section */
		0090C092D2A80A43FDEB556B /* NutrientDV.swift */ = {isa = PBXFileReference; lastKnownFileType = sourcecode.swift; path = NutrientDV.swift; sourceTree = "<group>"; };
		04797B9A5A8C1A3602AE7A4D /* StoreService.swift */ = {isa = PBXFileReference; lastKnownFileType = sourcecode.swift; path = StoreService.swift; sourceTree = "<group>"; };
		08BCFCED427A656CC6A46BF7 /* CameraPicker.swift */ = {isa = PBXFileReference; lastKnownFileType = sourcecode.swift; path = CameraPicker.swift; sourceTree = "<group>"; };
		0E1DB363C51F11ED5113A562 /* ScanFlowView.swift */ = {isa = PBXFileReference; lastKnownFileType = sourcecode.swift; path = ScanFlowView.swift; sourceTree = "<group>"; };
		2AE3C095585C5BB88AB716E3 /* Models.swift */ = {isa = PBXFileReference; lastKnownFileType = sourcecode.swift; path = Models.swift; sourceTree = "<group>"; };
		371405627404C5912F29754A /* SmachnogoApp.swift */ = {isa = PBXFileReference; lastKnownFileType = sourcecode.swift; path = SmachnogoApp.swift; sourceTree = "<group>"; };
		485B8AC20D8CD5030BFC1BE0 /* AppConfig.swift */ = {isa = PBXFileReference; lastKnownFileType = sourcecode.swift; path = AppConfig.swift; sourceTree = "<group>"; };
		5414A8F99EBD576EB23F48AF /* ImageCompressor.swift */ = {isa = PBXFileReference; lastKnownFileType = sourcecode.swift; path = ImageCompressor.swift; sourceTree = "<group>"; };
		5ACD40C59CE7E17D26A1BD97 /* LimitsEditorSheet.swift */ = {isa = PBXFileReference; lastKnownFileType = sourcecode.swift; path = LimitsEditorSheet.swift; sourceTree = "<group>"; };
		5B89C606EBEF0DA99335F769 /* Debug.xcconfig */ = {isa = PBXFileReference; lastKnownFileType = text.xcconfig; path = Debug.xcconfig; sourceTree = "<group>"; };
		5D739513D8440418C24606C1 /* PaywallView.swift */ = {isa = PBXFileReference; lastKnownFileType = sourcecode.swift; path = PaywallView.swift; sourceTree = "<group>"; };
		60C1CED8E4229832877B840F /* MonthGridSheet.swift */ = {isa = PBXFileReference; lastKnownFileType = sourcecode.swift; path = MonthGridSheet.swift; sourceTree = "<group>"; };
		66C330A456373682FF3FFC80 /* ManualEntrySheet.swift */ = {isa = PBXFileReference; lastKnownFileType = sourcecode.swift; path = ManualEntrySheet.swift; sourceTree = "<group>"; };
		747AA4CB7B1F22E68EE19415 /* APIClient.swift */ = {isa = PBXFileReference; lastKnownFileType = sourcecode.swift; path = APIClient.swift; sourceTree = "<group>"; };
		764E5BDEF6E503F035A69BE9 /* DateUtil.swift */ = {isa = PBXFileReference; lastKnownFileType = sourcecode.swift; path = DateUtil.swift; sourceTree = "<group>"; };
		81121946E8DDB2EFD355F0B9 /* CognitoTokenProvider.swift */ = {isa = PBXFileReference; lastKnownFileType = sourcecode.swift; path = CognitoTokenProvider.swift; sourceTree = "<group>"; };
		871DCF45BBB435B902621FD7 /* Smachnogo.entitlements */ = {isa = PBXFileReference; lastKnownFileType = text.plist.entitlements; path = Smachnogo.entitlements; sourceTree = "<group>"; };
		888B409138221D6EB68B8DDA /* AppleLinkService.swift */ = {isa = PBXFileReference; lastKnownFileType = sourcecode.swift; path = AppleLinkService.swift; sourceTree = "<group>"; };
		8BC8A1C67222242B2EBF5953 /* ScanService.swift */ = {isa = PBXFileReference; lastKnownFileType = sourcecode.swift; path = ScanService.swift; sourceTree = "<group>"; };
		99200E384D42839F40F45B68 /* Assets.xcassets */ = {isa = PBXFileReference; lastKnownFileType = folder.assetcatalog; path = Assets.xcassets; sourceTree = "<group>"; };
		9BADD8BA79B6C850C2680829 /* SettingsView.swift */ = {isa = PBXFileReference; lastKnownFileType = sourcecode.swift; path = SettingsView.swift; sourceTree = "<group>"; };
		9BC569FFFD73DA8A527FFCBA /* LimitsRule.swift */ = {isa = PBXFileReference; lastKnownFileType = sourcecode.swift; path = LimitsRule.swift; sourceTree = "<group>"; };
		A14832D0BB58E3B64005040B /* RootTabView.swift */ = {isa = PBXFileReference; lastKnownFileType = sourcecode.swift; path = RootTabView.swift; sourceTree = "<group>"; };
		A47335E5CC0ED933E42A4874 /* PendingScanQueue.swift */ = {isa = PBXFileReference; lastKnownFileType = sourcecode.swift; path = PendingScanQueue.swift; sourceTree = "<group>"; };
		BB76D6C7105B7AAEDEEE21C1 /* MealEditSheet.swift */ = {isa = PBXFileReference; lastKnownFileType = sourcecode.swift; path = MealEditSheet.swift; sourceTree = "<group>"; };
		BB91F21E583DB0624E7B3ED8 /* Smachnogo.app */ = {isa = PBXFileReference; includeInIndex = 0; lastKnownFileType = wrapper.application; path = Smachnogo.app; sourceTree = BUILT_PRODUCTS_DIR; };
		BD4E4EEE8C0DCD603572E135 /* Release.xcconfig */ = {isa = PBXFileReference; lastKnownFileType = text.xcconfig; path = Release.xcconfig; sourceTree = "<group>"; };
		BFE56F27FD32E2D3393659A0 /* CalendarStrip.swift */ = {isa = PBXFileReference; lastKnownFileType = sourcecode.swift; path = CalendarStrip.swift; sourceTree = "<group>"; };
		C13A9D28DCD2554693D2C0FB /* ScanResultView.swift */ = {isa = PBXFileReference; lastKnownFileType = sourcecode.swift; path = ScanResultView.swift; sourceTree = "<group>"; };
		C68A84ED87F693DE06B24759 /* StatsView.swift */ = {isa = PBXFileReference; lastKnownFileType = sourcecode.swift; path = StatsView.swift; sourceTree = "<group>"; };
		E86B973FC51869E11CA624FB /* DayView.swift */ = {isa = PBXFileReference; lastKnownFileType = sourcecode.swift; path = DayView.swift; sourceTree = "<group>"; };
		F17C78C9F542E1C624249410 /* AppleSignInButton.swift */ = {isa = PBXFileReference; lastKnownFileType = sourcecode.swift; path = AppleSignInButton.swift; sourceTree = "<group>"; };
		F7F7274EDCD962219087B81B /* KeychainStore.swift */ = {isa = PBXFileReference; lastKnownFileType = sourcecode.swift; path = KeychainStore.swift; sourceTree = "<group>"; };
		F9D06D31498D2298A7F25526 /* Info.plist */ = {isa = PBXFileReference; lastKnownFileType = text.plist; path = Info.plist; sourceTree = "<group>"; };
		FFCDB482F4005D11ADFD79E4 /* MealService.swift */ = {isa = PBXFileReference; lastKnownFileType = sourcecode.swift; path = MealService.swift; sourceTree = "<group>"; };
/* End PBXFileReference section */

/* Begin PBXGroup section */
		02865D545AF5EAB5E40BF943 /* Networking */ = {
			isa = PBXGroup;
			children = (
				747AA4CB7B1F22E68EE19415 /* APIClient.swift */,
				81121946E8DDB2EFD355F0B9 /* CognitoTokenProvider.swift */,
				F7F7274EDCD962219087B81B /* KeychainStore.swift */,
			);
			path = Networking;
			sourceTree = "<group>";
		};
		0A6FDC1C7ADD0DACFADF5273 /* Smachnogo */ = {
			isa = PBXGroup;
			children = (
				99200E384D42839F40F45B68 /* Assets.xcassets */,
				F9D06D31498D2298A7F25526 /* Info.plist */,
				871DCF45BBB435B902621FD7 /* Smachnogo.entitlements */,
				0D622A8D67F7BBF07A175B85 /* App */,
				F934DEC415ED56AF8B831C72 /* Features */,
				85AD2F7ABAA7FE62529A4D2C /* Models */,
				02865D545AF5EAB5E40BF943 /* Networking */,
				2DB26D80E62DF734EDAD910E /* Services */,
				C12AA13A8B2FB7F92C15F82D /* Support */,
			);
			path = Smachnogo;
			sourceTree = "<group>";
		};
		0D622A8D67F7BBF07A175B85 /* App */ = {
			isa = PBXGroup;
			children = (
				485B8AC20D8CD5030BFC1BE0 /* AppConfig.swift */,
				A14832D0BB58E3B64005040B /* RootTabView.swift */,
				371405627404C5912F29754A /* SmachnogoApp.swift */,
			);
			path = App;
			sourceTree = "<group>";
		};
		1640AFA85ECAC90D22B53BCC /* Settings */ = {
			isa = PBXGroup;
			children = (
				F17C78C9F542E1C624249410 /* AppleSignInButton.swift */,
				5ACD40C59CE7E17D26A1BD97 /* LimitsEditorSheet.swift */,
				9BADD8BA79B6C850C2680829 /* SettingsView.swift */,
			);
			path = Settings;
			sourceTree = "<group>";
		};
		2DB26D80E62DF734EDAD910E /* Services */ = {
			isa = PBXGroup;
			children = (
				888B409138221D6EB68B8DDA /* AppleLinkService.swift */,
				FFCDB482F4005D11ADFD79E4 /* MealService.swift */,
				A47335E5CC0ED933E42A4874 /* PendingScanQueue.swift */,
				8BC8A1C67222242B2EBF5953 /* ScanService.swift */,
				04797B9A5A8C1A3602AE7A4D /* StoreService.swift */,
			);
			path = Services;
			sourceTree = "<group>";
		};
		31F3C2ED5EB79C5470943EEA = {
			isa = PBXGroup;
			children = (
				379FCA116EDC7CD8A772FD07 /* Configs */,
				0A6FDC1C7ADD0DACFADF5273 /* Smachnogo */,
				D450FFDD31D0413800033184 /* Products */,
			);
			sourceTree = "<group>";
		};
		379FCA116EDC7CD8A772FD07 /* Configs */ = {
			isa = PBXGroup;
			children = (
				5B89C606EBEF0DA99335F769 /* Debug.xcconfig */,
				BD4E4EEE8C0DCD603572E135 /* Release.xcconfig */,
			);
			path = Configs;
			sourceTree = "<group>";
		};
		3DA1360CAED3B12BBA58EEE8 /* Stats */ = {
			isa = PBXGroup;
			children = (
				C68A84ED87F693DE06B24759 /* StatsView.swift */,
			);
			path = Stats;
			sourceTree = "<group>";
		};
		46532EA9C5E7AE634B325573 /* Diary */ = {
			isa = PBXGroup;
			children = (
				E86B973FC51869E11CA624FB /* DayView.swift */,
				BB76D6C7105B7AAEDEEE21C1 /* MealEditSheet.swift */,
			);
			path = Diary;
			sourceTree = "<group>";
		};
		7D8D1C1CB350E20DDD684C24 /* Paywall */ = {
			isa = PBXGroup;
			children = (
				5D739513D8440418C24606C1 /* PaywallView.swift */,
			);
			path = Paywall;
			sourceTree = "<group>";
		};
		85AD2F7ABAA7FE62529A4D2C /* Models */ = {
			isa = PBXGroup;
			children = (
				2AE3C095585C5BB88AB716E3 /* Models.swift */,
			);
			path = Models;
			sourceTree = "<group>";
		};
		C12AA13A8B2FB7F92C15F82D /* Support */ = {
			isa = PBXGroup;
			children = (
				764E5BDEF6E503F035A69BE9 /* DateUtil.swift */,
				5414A8F99EBD576EB23F48AF /* ImageCompressor.swift */,
				9BC569FFFD73DA8A527FFCBA /* LimitsRule.swift */,
				0090C092D2A80A43FDEB556B /* NutrientDV.swift */,
			);
			path = Support;
			sourceTree = "<group>";
		};
		C9AE6534803D05EDA56F4935 /* ManualEntry */ = {
			isa = PBXGroup;
			children = (
				66C330A456373682FF3FFC80 /* ManualEntrySheet.swift */,
			);
			path = ManualEntry;
			sourceTree = "<group>";
		};
		D3EF4E433F396EB1C87B1D94 /* Calendar */ = {
			isa = PBXGroup;
			children = (
				BFE56F27FD32E2D3393659A0 /* CalendarStrip.swift */,
				60C1CED8E4229832877B840F /* MonthGridSheet.swift */,
			);
			path = Calendar;
			sourceTree = "<group>";
		};
		D450FFDD31D0413800033184 /* Products */ = {
			isa = PBXGroup;
			children = (
				BB91F21E583DB0624E7B3ED8 /* Smachnogo.app */,
			);
			name = Products;
			sourceTree = "<group>";
		};
		F934DEC415ED56AF8B831C72 /* Features */ = {
			isa = PBXGroup;
			children = (
				D3EF4E433F396EB1C87B1D94 /* Calendar */,
				46532EA9C5E7AE634B325573 /* Diary */,
				C9AE6534803D05EDA56F4935 /* ManualEntry */,
				7D8D1C1CB350E20DDD684C24 /* Paywall */,
				FF6C1AB39841D4C23257601A /* Scan */,
				1640AFA85ECAC90D22B53BCC /* Settings */,
				3DA1360CAED3B12BBA58EEE8 /* Stats */,
			);
			path = Features;
			sourceTree = "<group>";
		};
		FF6C1AB39841D4C23257601A /* Scan */ = {
			isa = PBXGroup;
			children = (
				08BCFCED427A656CC6A46BF7 /* CameraPicker.swift */,
				0E1DB363C51F11ED5113A562 /* ScanFlowView.swift */,
				C13A9D28DCD2554693D2C0FB /* ScanResultView.swift */,
			);
			path = Scan;
			sourceTree = "<group>";
		};
/* End PBXGroup section */

/* Begin PBXNativeTarget section */
		DEA9010017B77185396F4714 /* Smachnogo */ = {
			isa = PBXNativeTarget;
			buildConfigurationList = 229AB8DBD6DADBF6C452B1DF /* Build configuration list for PBXNativeTarget "Smachnogo" */;
			buildPhases = (
				4CA545F30070BF387FDEF9B0 /* Sources */,
				74B0657851E7D46F1A9BD0CF /* Resources */,
			);
			buildRules = (
			);
			dependencies = (
			);
			name = Smachnogo;
			packageProductDependencies = (
			);
			productName = Smachnogo;
			productReference = BB91F21E583DB0624E7B3ED8 /* Smachnogo.app */;
			productType = "com.apple.product-type.application";
		};
/* End PBXNativeTarget section */

/* Begin PBXProject section */
		0141699069C82A60A3F9228C /* Project object */ = {
			isa = PBXProject;
			attributes = {
				BuildIndependentTargetsInParallel = YES;
				LastUpgradeCheck = 1430;
				TargetAttributes = {
					DEA9010017B77185396F4714 = {
						DevelopmentTeam = CP598M5SUG;
						ProvisioningStyle = Automatic;
					};
				};
			};
			buildConfigurationList = 2486DC9834483913813811F9 /* Build configuration list for PBXProject "Smachnogo" */;
			compatibilityVersion = "Xcode 14.0";
			developmentRegion = en;
			hasScannedForEncodings = 0;
			knownRegions = (
				Base,
				en,
			);
			mainGroup = 31F3C2ED5EB79C5470943EEA;
			minimizedProjectReferenceProxies = 1;
			preferredProjectObjectVersion = 77;
			projectDirPath = "";
			projectRoot = "";
			targets = (
				DEA9010017B77185396F4714 /* Smachnogo */,
			);
		};
/* End PBXProject section */

/* Begin PBXResourcesBuildPhase section */
		74B0657851E7D46F1A9BD0CF /* Resources */ = {
			isa = PBXResourcesBuildPhase;
			buildActionMask = 2147483647;
			files = (
				D8B975F5AE428A2228DE56B3 /* Assets.xcassets in Resources */,
			);
			runOnlyForDeploymentPostprocessing = 0;
		};
/* End PBXResourcesBuildPhase section */

/* Begin PBXSourcesBuildPhase section */
		4CA545F30070BF387FDEF9B0 /* Sources */ = {
			isa = PBXSourcesBuildPhase;
			buildActionMask = 2147483647;
			files = (
				DBDA336D61D6F47F40DC168B /* APIClient.swift in Sources */,
				B034A2CD4B4FD2C5DD24AE9C /* AppConfig.swift in Sources */,
				69AE5D97D05BF8B1C4662F3E /* AppleLinkService.swift in Sources */,
				6F981C4C480F8B70F3118CD1 /* AppleSignInButton.swift in Sources */,
				4927DBFCB7DBB471510B2AF6 /* CalendarStrip.swift in Sources */,
				8C3E7712699A3F07E0363C1F /* CameraPicker.swift in Sources */,
				C147A86EE34EA87A96EC9965 /* CognitoTokenProvider.swift in Sources */,
				F727493C36B6D453179969EB /* DateUtil.swift in Sources */,
				7D778B5EEE7E6E4BAF39841C /* DayView.swift in Sources */,
				469AE8341875EFA0D1DFB607 /* ImageCompressor.swift in Sources */,
				3D3DD37EB8E8C37AD6A46DC3 /* KeychainStore.swift in Sources */,
				141793B7F425D322848B2A82 /* LimitsEditorSheet.swift in Sources */,
				757FC04EFF8819695213B4FF /* LimitsRule.swift in Sources */,
				49438C5280F8DE6E64B774A7 /* ManualEntrySheet.swift in Sources */,
				393EE5771563E343D0D496F3 /* MealEditSheet.swift in Sources */,
				5C9ED35ACC6AFB4448BA68E6 /* MealService.swift in Sources */,
				28A35332B69E63473C3BC0C4 /* Models.swift in Sources */,
				DE210B8320452917736CEA8E /* MonthGridSheet.swift in Sources */,
				5FB7EDD4497DDDBD6503F60E /* NutrientDV.swift in Sources */,
				5ABBE901FADFE48F04A30BD7 /* PaywallView.swift in Sources */,
				75911023BC9683AA5B75F348 /* PendingScanQueue.swift in Sources */,
				3838F74908D304157BF7F365 /* RootTabView.swift in Sources */,
				C2BFC3EC0FD6ADF37A8A83D2 /* ScanFlowView.swift in Sources */,
				C14D4F0A582906B24B0689FD /* ScanResultView.swift in Sources */,
				762F04F087E55B97DFB9A734 /* ScanService.swift in Sources */,
				689C88199D7AD542FD39B124 /* SettingsView.swift in Sources */,
				FA9DB04D5C2CCCDB83C82285 /* SmachnogoApp.swift in Sources */,
				4ACC70676782FBD7E64BB510 /* StatsView.swift in Sources */,
				AB4B84EF0507A02AD65A686E /* StoreService.swift in Sources */,
			);
			runOnlyForDeploymentPostprocessing = 0;
		};
/* End PBXSourcesBuildPhase section */

/* Begin XCBuildConfiguration section */
		0B9D2FC7B6C3787D79354A0F /* Debug */ = {
			isa = XCBuildConfiguration;
			baseConfigurationReference = 5B89C606EBEF0DA99335F769 /* Debug.xcconfig */;
			buildSettings = {
				ALWAYS_SEARCH_USER_PATHS = NO;
				CLANG_ANALYZER_NONNULL = YES;
				CLANG_ANALYZER_NUMBER_OBJECT_CONVERSION = YES_AGGRESSIVE;
				CLANG_CXX_LANGUAGE_STANDARD = "gnu++14";
				CLANG_CXX_LIBRARY = "libc++";
				CLANG_ENABLE_MODULES = YES;
				CLANG_ENABLE_OBJC_ARC = YES;
				CLANG_ENABLE_OBJC_WEAK = YES;
				CLANG_WARN_BLOCK_CAPTURE_AUTORELEASING = YES;
				CLANG_WARN_BOOL_CONVERSION = YES;
				CLANG_WARN_COMMA = YES;
				CLANG_WARN_CONSTANT_CONVERSION = YES;
				CLANG_WARN_DEPRECATED_OBJC_IMPLEMENTATIONS = YES;
				CLANG_WARN_DIRECT_OBJC_ISA_USAGE = YES_ERROR;
				CLANG_WARN_DOCUMENTATION_COMMENTS = YES;
				CLANG_WARN_EMPTY_BODY = YES;
				CLANG_WARN_ENUM_CONVERSION = YES;
				CLANG_WARN_INFINITE_RECURSION = YES;
				CLANG_WARN_INT_CONVERSION = YES;
				CLANG_WARN_NON_LITERAL_NULL_CONVERSION = YES;
				CLANG_WARN_OBJC_IMPLICIT_RETAIN_SELF = YES;
				CLANG_WARN_OBJC_LITERAL_CONVERSION = YES;
				CLANG_WARN_OBJC_ROOT_CLASS = YES_ERROR;
				CLANG_WARN_QUOTED_INCLUDE_IN_FRAMEWORK_HEADER = YES;
				CLANG_WARN_RANGE_LOOP_ANALYSIS = YES;
				CLANG_WARN_STRICT_PROTOTYPES = YES;
				CLANG_WARN_SUSPICIOUS_MOVE = YES;
				CLANG_WARN_UNGUARDED_AVAILABILITY = YES_AGGRESSIVE;
				CLANG_WARN_UNREACHABLE_CODE = YES;
				CLANG_WARN__DUPLICATE_METHOD_MATCH = YES;
				COPY_PHASE_STRIP = NO;
				DEBUG_INFORMATION_FORMAT = dwarf;
				ENABLE_STRICT_OBJC_MSGSEND = YES;
				ENABLE_TESTABILITY = YES;
				GCC_C_LANGUAGE_STANDARD = gnu11;
				GCC_DYNAMIC_NO_PIC = NO;
				GCC_NO_COMMON_BLOCKS = YES;
				GCC_OPTIMIZATION_LEVEL = 0;
				GCC_PREPROCESSOR_DEFINITIONS = (
					"$(inherited)",
					"DEBUG=1",
				);
				GCC_WARN_64_TO_32_BIT_CONVERSION = YES;
				GCC_WARN_ABOUT_RETURN_TYPE = YES_ERROR;
				GCC_WARN_UNDECLARED_SELECTOR = YES;
				GCC_WARN_UNINITIALIZED_AUTOS = YES_AGGRESSIVE;
				GCC_WARN_UNUSED_FUNCTION = YES;
				GCC_WARN_UNUSED_VARIABLE = YES;
				IPHONEOS_DEPLOYMENT_TARGET = 17.0;
				MTL_ENABLE_DEBUG_INFO = INCLUDE_SOURCE;
				MTL_FAST_MATH = YES;
				ONLY_ACTIVE_ARCH = YES;
				PRODUCT_NAME = "$(TARGET_NAME)";
				SDKROOT = iphoneos;
				SWIFT_ACTIVE_COMPILATION_CONDITIONS = DEBUG;
				SWIFT_OPTIMIZATION_LEVEL = "-Onone";
				SWIFT_VERSION = 5.0;
			};
			name = Debug;
		};
		36665D332318337D8CDEBA0E /* Release */ = {
			isa = XCBuildConfiguration;
			baseConfigurationReference = BD4E4EEE8C0DCD603572E135 /* Release.xcconfig */;
			buildSettings = {
				ALWAYS_SEARCH_USER_PATHS = NO;
				CLANG_ANALYZER_NONNULL = YES;
				CLANG_ANALYZER_NUMBER_OBJECT_CONVERSION = YES_AGGRESSIVE;
				CLANG_CXX_LANGUAGE_STANDARD = "gnu++14";
				CLANG_CXX_LIBRARY = "libc++";
				CLANG_ENABLE_MODULES = YES;
				CLANG_ENABLE_OBJC_ARC = YES;
				CLANG_ENABLE_OBJC_WEAK = YES;
				CLANG_WARN_BLOCK_CAPTURE_AUTORELEASING = YES;
				CLANG_WARN_BOOL_CONVERSION = YES;
				CLANG_WARN_COMMA = YES;
				CLANG_WARN_CONSTANT_CONVERSION = YES;
				CLANG_WARN_DEPRECATED_OBJC_IMPLEMENTATIONS = YES;
				CLANG_WARN_DIRECT_OBJC_ISA_USAGE = YES_ERROR;
				CLANG_WARN_DOCUMENTATION_COMMENTS = YES;
				CLANG_WARN_EMPTY_BODY = YES;
				CLANG_WARN_ENUM_CONVERSION = YES;
				CLANG_WARN_INFINITE_RECURSION = YES;
				CLANG_WARN_INT_CONVERSION = YES;
				CLANG_WARN_NON_LITERAL_NULL_CONVERSION = YES;
				CLANG_WARN_OBJC_IMPLICIT_RETAIN_SELF = YES;
				CLANG_WARN_OBJC_LITERAL_CONVERSION = YES;
				CLANG_WARN_OBJC_ROOT_CLASS = YES_ERROR;
				CLANG_WARN_QUOTED_INCLUDE_IN_FRAMEWORK_HEADER = YES;
				CLANG_WARN_RANGE_LOOP_ANALYSIS = YES;
				CLANG_WARN_STRICT_PROTOTYPES = YES;
				CLANG_WARN_SUSPICIOUS_MOVE = YES;
				CLANG_WARN_UNGUARDED_AVAILABILITY = YES_AGGRESSIVE;
				CLANG_WARN_UNREACHABLE_CODE = YES;
				CLANG_WARN__DUPLICATE_METHOD_MATCH = YES;
				COPY_PHASE_STRIP = NO;
				DEBUG_INFORMATION_FORMAT = "dwarf-with-dsym";
				ENABLE_NS_ASSERTIONS = NO;
				ENABLE_STRICT_OBJC_MSGSEND = YES;
				GCC_C_LANGUAGE_STANDARD = gnu11;
				GCC_NO_COMMON_BLOCKS = YES;
				GCC_WARN_64_TO_32_BIT_CONVERSION = YES;
				GCC_WARN_ABOUT_RETURN_TYPE = YES_ERROR;
				GCC_WARN_UNDECLARED_SELECTOR = YES;
				GCC_WARN_UNINITIALIZED_AUTOS = YES_AGGRESSIVE;
				GCC_WARN_UNUSED_FUNCTION = YES;
				GCC_WARN_UNUSED_VARIABLE = YES;
				IPHONEOS_DEPLOYMENT_TARGET = 17.0;
				MTL_ENABLE_DEBUG_INFO = NO;
				MTL_FAST_MATH = YES;
				PRODUCT_NAME = "$(TARGET_NAME)";
				SDKROOT = iphoneos;
				SWIFT_COMPILATION_MODE = wholemodule;
				SWIFT_OPTIMIZATION_LEVEL = "-O";
				SWIFT_VERSION = 5.0;
			};
			name = Release;
		};
		5FB5D64D0D6995E678E6618E /* Debug */ = {
			isa = XCBuildConfiguration;
			buildSettings = {
				ASSETCATALOG_COMPILER_APPICON_NAME = AppIcon;
				CODE_SIGN_ENTITLEMENTS = Smachnogo/Smachnogo.entitlements;
				CODE_SIGN_IDENTITY = "iPhone Developer";
				CODE_SIGN_STYLE = Automatic;
				CURRENT_PROJECT_VERSION = 3;
				DEVELOPMENT_TEAM = CP598M5SUG;
				GENERATE_INFOPLIST_FILE = YES;
				INFOPLIST_FILE = Smachnogo/Info.plist;
				INFOPLIST_KEY_CFBundleDisplayName = smachnogo;
				INFOPLIST_KEY_NSCameraUsageDescription = "Smachnogo photographs your meal to estimate its calories and nutrition.";
				INFOPLIST_KEY_NSPhotoLibraryUsageDescription = "Pick an existing photo of your meal to log it — for example one you took earlier today.";
				INFOPLIST_KEY_UILaunchScreen_Generation = YES;
				INFOPLIST_KEY_UISupportedInterfaceOrientations = UIInterfaceOrientationPortrait;
				ITSAppUsesNonExemptEncryption = NO;
				LD_RUNPATH_SEARCH_PATHS = (
					"$(inherited)",
					"@executable_path/Frameworks",
				);
				MARKETING_VERSION = 1.0;
				PRODUCT_BUNDLE_IDENTIFIER = app.smachnogo.ios;
				SDKROOT = iphoneos;
				SWIFT_VERSION = 5.9;
				TARGETED_DEVICE_FAMILY = 1;
			};
			name = Debug;
		};
		B7F5F73155793D49CBECE34D /* Release */ = {
			isa = XCBuildConfiguration;
			buildSettings = {
				ASSETCATALOG_COMPILER_APPICON_NAME = AppIcon;
				CODE_SIGN_ENTITLEMENTS = Smachnogo/Smachnogo.entitlements;
				CODE_SIGN_IDENTITY = "iPhone Developer";
				CODE_SIGN_STYLE = Automatic;
				CURRENT_PROJECT_VERSION = 3;
				DEVELOPMENT_TEAM = CP598M5SUG;
				GENERATE_INFOPLIST_FILE = YES;
				INFOPLIST_FILE = Smachnogo/Info.plist;
				INFOPLIST_KEY_CFBundleDisplayName = smachnogo;
				INFOPLIST_KEY_NSCameraUsageDescription = "Smachnogo photographs your meal to estimate its calories and nutrition.";
				INFOPLIST_KEY_NSPhotoLibraryUsageDescription = "Pick an existing photo of your meal to log it — for example one you took earlier today.";
				INFOPLIST_KEY_UILaunchScreen_Generation = YES;
				INFOPLIST_KEY_UISupportedInterfaceOrientations = UIInterfaceOrientationPortrait;
				ITSAppUsesNonExemptEncryption = NO;
				LD_RUNPATH_SEARCH_PATHS = (
					"$(inherited)",
					"@executable_path/Frameworks",
				);
				MARKETING_VERSION = 1.0;
				PRODUCT_BUNDLE_IDENTIFIER = app.smachnogo.ios;
				SDKROOT = iphoneos;
				SWIFT_VERSION = 5.9;
				TARGETED_DEVICE_FAMILY = 1;
			};
			name = Release;
		};
/* End XCBuildConfiguration section */

/* Begin XCConfigurationList section */
		229AB8DBD6DADBF6C452B1DF /* Build configuration list for PBXNativeTarget "Smachnogo" */ = {
			isa = XCConfigurationList;
			buildConfigurations = (
				5FB5D64D0D6995E678E6618E /* Debug */,
				B7F5F73155793D49CBECE34D /* Release */,
			);
			defaultConfigurationIsVisible = 0;
			defaultConfigurationName = Debug;
		};
		2486DC9834483913813811F9 /* Build configuration list for PBXProject "Smachnogo" */ = {
			isa = XCConfigurationList;
			buildConfigurations = (
				0B9D2FC7B6C3787D79354A0F /* Debug */,
				36665D332318337D8CDEBA0E /* Release */,
			);
			defaultConfigurationIsVisible = 0;
			defaultConfigurationName = Debug;
		};
/* End XCConfigurationList section */
	};
	rootObject = 0141699069C82A60A3F9228C /* Project object */;
}
